# This file is autogenerated, do not edit; changes may be undone by the next 'dep ensure'.


[[projects]]
  name = "github.com/JaSei/pathutil-go"
  packages = ["."]
  revision = "046e1d46099a82a0d8c53a717dfb7e6c07d0e098"
  version = "0.2.0"

[[projects]]
  name = "github.com/alecthomas/kingpin"
  packages = ["."]
  revision = "947dcec5ba9c011838740e680966fd7087a71d0d"
  version = "v2.2.6"

[[projects]]
  branch = "master"
  name = "github.com/alecthomas/template"
  packages = [".","parse"]
  revision = "a0175ee3bccc567396460bf5acd36800cb10c49c"

[[projects]]
  branch = "master"
  name = "github.com/alecthomas/units"
  packages = ["."]
  revision = "2efee857e7cfd4f3d0138cc3cbb1b4966962b93a"

[[projects]]
  name = "github.com/avast/hashutil-go"
  packages = ["."]
  revision = "3ca2dd77abda177ee87acda1dc31db457efc6502"
  version = "1.0.0"

[[projects]]
  name = "github.com/avast/retry-go"
  packages = ["."]
  revision = "5469272a8171235352a56af37e5f7facf814423f"
  version = "1.0.1"

[[projects]]
  name = "github.com/cheggaaa/pb"
  packages = ["."]
  revision = "c112833d014c77e8bde723fd0158e3156951639f"
  version = "v2.0.6"

[[projects]]
  name = "github.com/davecgh/go-spew"
  packages = ["spew"]
  revision = "346938d642f2ec3594ed81d874461961cd0faa76"
  version = "v1.1.0"

[[projects]]
  branch = "master"
  name = "github.com/dustin/go-humanize"
  packages = ["."]
  revision = "bb3d318650d48840a39aa21a027c6630e198e626"

[[projects]]
  name = "github.com/mattn/go-colorable"
  packages = ["."]
  revision = "167de6bfdfba052fa6b2d3664c8f5272e23c9072"
  version = "v0.0.9"

[[projects]]
  name = "github.com/mattn/go-isatty"
  packages = ["."]
  revision = "0360b2af4f38e8d38c7fce2a9f4e702702d73a39"
  version = "v0.0.3"

[[projects]]
  name = "github.com/pkg/errors"
  packages = ["."]
  revision = "645ef00459ed84a119197bfb8d8205042c6df63d"
  version = "v0.8.0"

[[projects]]
  name = "github.com/pmezard/go-difflib"
  packages = ["difflib"]
  revision = "792786c7400a136282c1664665ae0a8db921c6c2"
  version = "v1.0.0"

[[projects]]
  name = "github.com/sirupsen/logrus"
  packages = ["."]
  revision = "c155da19408a8799da419ed3eeb0cb5db0ad5dbc"
  version = "v1.0.5"

[[projects]]
  name = "github.com/smartystreets/go-aws-auth"
  packages = ["."]
  revision = "8ef1316913ee4f44bc48c2456e44a5c1c68ea53b"
  version = "1.0.0"

[[projects]]
  name = "github.com/stretchr/testify"
  packages = ["assert"]
  revision = "12b6f73e6084dad08a7c6e575284b177ecafbc71"
  version = "v1.2.1"

[[projects]]
  branch = "master"
  name = "golang.org/x/crypto"
  packages = ["ssh/terminal"]
  revision = "88942b9c40a4c9d203b82b3731787b672d6e809b"

[[projects]]
  branch = "master"
  name = "golang.org/x/sys"
  packages = ["unix","windows"]
  revision = "91ee8cde435411ca3f1cd365e8f20131aed4d0a1"

[[projects]]
  name = "gopkg.in/VividCortex/ewma.v1"
  packages = ["."]
  revision = "b24eb346a94c3ba12c1da1e564dbac1b498a77ce"
  version = "v1.1.1"

[[projects]]
  name = "gopkg.in/cheggaaa/pb.v2"
  packages = ["termutil"]
  revision = "c112833d014c77e8bde723fd0158e3156951639f"
  version = "v2.0.6"

[[projects]]
  name = "gopkg.in/fatih/color.v1"
  packages = ["."]
  revision = "507f6050b8568533fb3f5504de8e5205fa62a114"
  version = "v1.6.0"

[[projects]]
  name = "gopkg.in/mattn/go-colorable.v0"
  packages = ["."]
  revision = "167de6bfdfba052fa6b2d3664c8f5272e23c9072"
  version = "v0.0.9"

[[projects]]
  name = "gopkg.in/mattn/go-isatty.v0"
  packages = ["."]
  revision = "0360b2af4f38e8d38c7fce2a9f4e702702d73a39"
  version = "v0.0.3"

[[projects]]
  name = "gopkg.in/mattn/go-runewidth.v0"
  packages = ["."]
  revision = "9e777a8366cce605130a531d2cd6363d07ad7317"
  version = "v0.0.2"

[solve-meta]
  analyzer-name = "dep"
  analyzer-version = 1
  inputs-digest = "5c34f79d204894d0512b99005a9a65ed6afbfbab33ad1aef50bd1e5b5820e76a"
  solver-name = "gps-cdcl"
  solver-version = 1
